
Microsoft Visual Studio Solution File, Format Version 12.00
# Visual Studio 2017
Project("{FAE04EC0-301F-11D3-BF4B-00C04F79EFBC}") = "Stealth_newPrototype", "Stealth_newPrototype.csproj", "{3F90CDB4-56B2-68D8-4568-3ACE827AFF7D}"
EndProject
Project("{FAE04EC0-301F-11D3-BF4B-00C04F79EFBC}") = "Stealth_newPrototype.Plugins", "Stealth_newPrototype.Plugins.csproj", "{5BB4607C-1B16-7848-EA14-EDF53B3A0A0B}"
EndProject
Project("{FAE04EC0-301F-11D3-BF4B-00C04F79EFBC}") = "Stealth_newPrototype.Editor.Plugins", "Stealth_newPrototype.Editor.Plugins.csproj", "{BF46FCA2-6137-628B-7609-29CD0471F627}"
EndProject
Project("{FAE04EC0-301F-11D3-BF4B-00C04F79EFBC}") = "Stealth_newPrototype.Editor", "Stealth_newPrototype.Editor.csproj", "{EB289F6C-4174-F7FE-B41F-55C565D02EA0}"
EndProject
Global
	GlobalSection(SolutionConfigurationPlatforms) = preSolution
		Debug|Any CPU = Debug|Any CPU
		Release|Any CPU = Release|Any CPU
	EndGlobalSection
	GlobalSection(ProjectConfigurationPlatforms) = postSolution
		{3F90CDB4-56B2-68D8-4568-3ACE827AFF7D}.Debug|Any CPU.ActiveCfg = Debug|Any CPU
		{3F90CDB4-56B2-68D8-4568-3ACE827AFF7D}.Debug|Any CPU.Build.0 = Debug|Any CPU
		{3F90CDB4-56B2-68D8-4568-3ACE827AFF7D}.Release|Any CPU.ActiveCfg = Release|Any CPU
		{3F90CDB4-56B2-68D8-4568-3ACE827AFF7D}.Release|Any CPU.Build.0 = Release|Any CPU
		{5BB4607C-1B16-7848-EA14-EDF53B3A0A0B}.Debug|Any CPU.ActiveCfg = Debug|Any CPU
		{5BB4607C-1B16-7848-EA14-EDF53B3A0A0B}.Debug|Any CPU.Build.0 = Debug|Any CPU
		{5BB4607C-1B16-7848-EA14-EDF53B3A0A0B}.Release|Any CPU.ActiveCfg = Release|Any CPU
		{5BB4607C-1B16-7848-EA14-EDF53B3A0A0B}.Release|Any CPU.Build.0 = Release|Any CPU
		{BF46FCA2-6137-628B-7609-29CD0471F627}.Debug|Any CPU.ActiveCfg = Debug|Any CPU
		{BF46FCA2-6137-628B-7609-29CD0471F627}.Debug|Any CPU.Build.0 = Debug|Any CPU
		{BF46FCA2-6137-628B-7609-29CD0471F627}.Release|Any CPU.ActiveCfg = Release|Any CPU
		{BF46FCA2-6137-628B-7609-29CD0471F627}.Release|Any CPU.Build.0 = Release|Any CPU
		{EB289F6C-4174-F7FE-B41F-55C565D02EA0}.Debug|Any CPU.ActiveCfg = Debug|Any CPU
		{EB289F6C-4174-F7FE-B41F-55C565D02EA0}.Debug|Any CPU.Build.0 = Debug|Any CPU
		{EB289F6C-4174-F7FE-B41F-55C565D02EA0}.Release|Any CPU.ActiveCfg = Release|Any CPU
		{EB289F6C-4174-F7FE-B41F-55C565D02EA0}.Release|Any CPU.Build.0 = Release|Any CPU
	EndGlobalSection
	GlobalSection(SolutionProperties) = preSolution
		HideSolutionNode = FALSE
	EndGlobalSection
EndGlobal
