
Microsoft Visual Studio Solution File, Format Version 12.00
# Visual Studio 2015
Project("{FAE04EC0-301F-11D3-BF4B-00C04F79EFBC}") = "Stealth_newPrototype.CSharp.Plugins", "Stealth_newPrototype.CSharp.Plugins.csproj", "{FD98B084-D19B-AF74-9DF4-614CC1C221A3}"
EndProject
Project("{FAE04EC0-301F-11D3-BF4B-00C04F79EFBC}") = "Stealth_newPrototype.CSharp", "Stealth_newPrototype.CSharp.csproj", "{309B2C73-5CD2-090B-848E-7A3B5C0B64FC}"
EndProject
Project("{FAE04EC0-301F-11D3-BF4B-00C04F79EFBC}") = "Stealth_newPrototype.CSharp.Editor", "Stealth_newPrototype.CSharp.Editor.csproj", "{0578ECCE-4200-A3AD-1879-92B525FE1EB9}"
EndProject
Project("{FAE04EC0-301F-11D3-BF4B-00C04F79EFBC}") = "Stealth_newPrototype.CSharp.Editor.Plugins", "Stealth_newPrototype.CSharp.Editor.Plugins.csproj", "{C1C56E65-150C-4267-4810-0C825E6598ED}"
EndProject
Global
	GlobalSection(SolutionConfigurationPlatforms) = preSolution
		Debug|Any CPU = Debug|Any CPU
		Release|Any CPU = Release|Any CPU
	EndGlobalSection
	GlobalSection(ProjectConfigurationPlatforms) = postSolution
		{FD98B084-D19B-AF74-9DF4-614CC1C221A3}.Debug|Any CPU.ActiveCfg = Debug|Any CPU
		{FD98B084-D19B-AF74-9DF4-614CC1C221A3}.Debug|Any CPU.Build.0 = Debug|Any CPU
		{FD98B084-D19B-AF74-9DF4-614CC1C221A3}.Release|Any CPU.ActiveCfg = Release|Any CPU
		{FD98B084-D19B-AF74-9DF4-614CC1C221A3}.Release|Any CPU.Build.0 = Release|Any CPU
		{309B2C73-5CD2-090B-848E-7A3B5C0B64FC}.Debug|Any CPU.ActiveCfg = Debug|Any CPU
		{309B2C73-5CD2-090B-848E-7A3B5C0B64FC}.Debug|Any CPU.Build.0 = Debug|Any CPU
		{309B2C73-5CD2-090B-848E-7A3B5C0B64FC}.Release|Any CPU.ActiveCfg = Release|Any CPU
		{309B2C73-5CD2-090B-848E-7A3B5C0B64FC}.Release|Any CPU.Build.0 = Release|Any CPU
		{0578ECCE-4200-A3AD-1879-92B525FE1EB9}.Debug|Any CPU.ActiveCfg = Debug|Any CPU
		{0578ECCE-4200-A3AD-1879-92B525FE1EB9}.Debug|Any CPU.Build.0 = Debug|Any CPU
		{0578ECCE-4200-A3AD-1879-92B525FE1EB9}.Release|Any CPU.ActiveCfg = Release|Any CPU
		{0578ECCE-4200-A3AD-1879-92B525FE1EB9}.Release|Any CPU.Build.0 = Release|Any CPU
		{C1C56E65-150C-4267-4810-0C825E6598ED}.Debug|Any CPU.ActiveCfg = Debug|Any CPU
		{C1C56E65-150C-4267-4810-0C825E6598ED}.Debug|Any CPU.Build.0 = Debug|Any CPU
		{C1C56E65-150C-4267-4810-0C825E6598ED}.Release|Any CPU.ActiveCfg = Release|Any CPU
		{C1C56E65-150C-4267-4810-0C825E6598ED}.Release|Any CPU.Build.0 = Release|Any CPU
	EndGlobalSection
	GlobalSection(SolutionProperties) = preSolution
		HideSolutionNode = FALSE
	EndGlobalSection
EndGlobal
